
Microsoft Visual Studio Solution File, Format Version 12.00
# Visual Studio Version 17
VisualStudioVersion = 17.1.32228.430
MinimumVisualStudioVersion = 10.0.40219.1
Project("{8BC9CEB8-8B4A-11D0-8D11-00A0C91BC942}") = "TextParser", "TextParser\TextParser.vcxproj", "{C8B8AEEC-5DD7-42E4-90FF-2843D7A4E7FD}"
EndProject
Project("{8BC9CEB8-8B4A-11D0-8D11-00A0C91BC942}") = "CommonUtils", "CommonUtils\CommonUtils.vcxproj", "{A5A7D095-449D-4442-A7AD-207E97C88786}"
EndProject
Global
	GlobalSection(SolutionConfigurationPlatforms) = preSolution
		Debug|x64 = Debug|x64
		Debug|x86 = Debug|x86
		Release|x64 = Release|x64
		Release|x86 = Release|x86
	EndGlobalSection
	GlobalSection(ProjectConfigurationPlatforms) = postSolution
		{C8B8AEEC-5DD7-42E4-90FF-2843D7A4E7FD}.Debug|x64.ActiveCfg = Debug|x64
		{C8B8AEEC-5DD7-42E4-90FF-2843D7A4E7FD}.Debug|x64.Build.0 = Debug|x64
		{C8B8AEEC-5DD7-42E4-90FF-2843D7A4E7FD}.Debug|x86.ActiveCfg = Debug|Win32
		{C8B8AEEC-5DD7-42E4-90FF-2843D7A4E7FD}.Debug|x86.Build.0 = Debug|Win32
		{C8B8AEEC-5DD7-42E4-90FF-2843D7A4E7FD}.Release|x64.ActiveCfg = Release|x64
		{C8B8AEEC-5DD7-42E4-90FF-2843D7A4E7FD}.Release|x64.Build.0 = Release|x64
		{C8B8AEEC-5DD7-42E4-90FF-2843D7A4E7FD}.Release|x86.ActiveCfg = Release|Win32
		{C8B8AEEC-5DD7-42E4-90FF-2843D7A4E7FD}.Release|x86.Build.0 = Release|Win32
		{A5A7D095-449D-4442-A7AD-207E97C88786}.Debug|x64.ActiveCfg = Debug|x64
		{A5A7D095-449D-4442-A7AD-207E97C88786}.Debug|x64.Build.0 = Debug|x64
		{A5A7D095-449D-4442-A7AD-207E97C88786}.Debug|x86.ActiveCfg = Debug|Win32
		{A5A7D095-449D-4442-A7AD-207E97C88786}.Debug|x86.Build.0 = Debug|Win32
		{A5A7D095-449D-4442-A7AD-207E97C88786}.Release|x64.ActiveCfg = Release|x64
		{A5A7D095-449D-4442-A7AD-207E97C88786}.Release|x64.Build.0 = Release|x64
		{A5A7D095-449D-4442-A7AD-207E97C88786}.Release|x86.ActiveCfg = Release|Win32
		{A5A7D095-449D-4442-A7AD-207E97C88786}.Release|x86.Build.0 = Release|Win32
	EndGlobalSection
	GlobalSection(SolutionProperties) = preSolution
		HideSolutionNode = FALSE
	EndGlobalSection
	GlobalSection(ExtensibilityGlobals) = postSolution
		SolutionGuid = {DB9A4777-A447-4131-BAB8-36B92919AF2B}
	EndGlobalSection
EndGlobal
